
Microsoft Visual Studio Solution File, Format Version 12.00
# Visual Studio Version 17
VisualStudioVersion = 17.4.33205.214
MinimumVisualStudioVersion = 10.0.40219.1
Project("{FAE04EC0-301F-11D3-BF4B-00C04F79EFBC}") = "YelpReviewDataExtractor", "YelpReviewDataExtractor.csproj", "{ABC46E6F-8808-4077-BFBE-C7B2A7E76EDD}"
EndProject
Global
	GlobalSection(SolutionConfigurationPlatforms) = preSolution
		Debug|Any CPU = Debug|Any CPU
		Release|Any CPU = Release|Any CPU
	EndGlobalSection
	GlobalSection(ProjectConfigurationPlatforms) = postSolution
		{ABC46E6F-8808-4077-BFBE-C7B2A7E76EDD}.Debug|Any CPU.ActiveCfg = Debug|Any CPU
		{ABC46E6F-8808-4077-BFBE-C7B2A7E76EDD}.Debug|Any CPU.Build.0 = Debug|Any CPU
		{ABC46E6F-8808-4077-BFBE-C7B2A7E76EDD}.Release|Any CPU.ActiveCfg = Release|Any CPU
		{ABC46E6F-8808-4077-BFBE-C7B2A7E76EDD}.Release|Any CPU.Build.0 = Release|Any CPU
	EndGlobalSection
	GlobalSection(SolutionProperties) = preSolution
		HideSolutionNode = FALSE
	EndGlobalSection
	GlobalSection(ExtensibilityGlobals) = postSolution
		SolutionGuid = {F6AD0098-E106-48C7-B7C2-5C6FD970738A}
	EndGlobalSection
EndGlobal
